// !$*UTF8*$!
{
	archiveVersion = 1;
	classes = {
	};
	objectVersion = 56;
	objects = {

/* Begin PBXBuildFile section */
		9E49ED02672E65AA9EF7D377 /* Pods_lilyTests.framework in Frameworks */ = {isa = PBXBuildFile; fileRef = 4B41BE304F1284D32E08543C /* Pods_lilyTests.framework */; };
		ABAA8FBF84418D498A122D75 /* Pods_lily.framework in Frameworks */ = {isa = PBXBuildFile; fileRef = 039906FEB7BF287B64DDDFD6 /* Pods_lily.framework */; };
		B02AC6E7BEDE2DC69B3E1326 /* Pods_lily_lilyUITests.framework in Frameworks */ = {isa = PBXBuildFile; fileRef = 933B3472572E47BD6A4F941E /* Pods_lily_lilyUITests.framework */; };
		CBD5FB90295B3D7E000A1651 /* AppDelegate.swift in Sources */ = {isa = PBXBuildFile; fileRef = CBD5FB8F295B3D7E000A1651 /* AppDelegate.swift */; };
		CBD5FB92295B3D7E000A1651 /* SceneDelegate.swift in Sources */ = {isa = PBXBuildFile; fileRef = CBD5FB91295B3D7E000A1651 /* SceneDelegate.swift */; };
		CBD5FB94295B3D7E000A1651 /* ViewController.swift in Sources */ = {isa = PBXBuildFile; fileRef = CBD5FB93295B3D7E000A1651 /* ViewController.swift */; };
		CBD5FB99295B3D80000A1651 /* Assets.xcassets in Resources */ = {isa = PBXBuildFile; fileRef = CBD5FB98295B3D80000A1651 /* Assets.xcassets */; };
		CBD5FB9C295B3D80000A1651 /* LaunchScreen.storyboard in Resources */ = {isa = PBXBuildFile; fileRef = CBD5FB9A295B3D80000A1651 /* LaunchScreen.storyboard */; };
		CBD5FBA7295B3D80000A1651 /* lilyTests.swift in Sources */ = {isa = PBXBuildFile; fileRef = CBD5FBA6295B3D80000A1651 /* lilyTests.swift */; };
		CBD5FBB1295B3D80000A1651 /* lilyUITests.swift in Sources */ = {isa = PBXBuildFile; fileRef = CBD5FBB0295B3D80000A1651 /* lilyUITests.swift */; };
		CBD5FBB3295B3D80000A1651 /* lilyUITestsLaunchTests.swift in Sources */ = {isa = PBXBuildFile; fileRef = CBD5FBB2295B3D80000A1651 /* lilyUITestsLaunchTests.swift */; };
/* End PBXBuildFile section */

/* Begin PBXContainerItemProxy section */
		CBD5FBA3295B3D80000A1651 /* PBXContainerItemProxy */ = {
			isa = PBXContainerItemProxy;
			containerPortal = CBD5FB84295B3D7E000A1651 /* Project object */;
			proxyType = 1;
			remoteGlobalIDString = CBD5FB8B295B3D7E000A1651;
			remoteInfo = lily;
		};
		CBD5FBAD295B3D80000A1651 /* PBXContainerItemProxy */ = {
			isa = PBXContainerItemProxy;
			containerPortal = CBD5FB84295B3D7E000A1651 /* Project object */;
			proxyType = 1;
			remoteGlobalIDString = CBD5FB8B295B3D7E000A1651;
			remoteInfo = lily;
		};
/* End PBXContainerItemProxy section */

/* Begin PBXFileReference section */
		039906FEB7BF287B64DDDFD6 /* Pods_lily.framework */ = {isa = PBXFileReference; explicitFileType = wrapper.framework; includeInIndex = 0; path = Pods_lily.framework; sourceTree = BUILT_PRODUCTS_DIR; };
		4B41BE304F1284D32E08543C /* Pods_lilyTests.framework */ = {isa = PBXFileReference; explicitFileType = wrapper.framework; includeInIndex = 0; path = Pods_lilyTests.framework; sourceTree = BUILT_PRODUCTS_DIR; };
		4F9AE176EC4F5B5408C30FA8 /* Pods-lily-lilyUITests.release.xcconfig */ = {isa = PBXFileReference; includeInIndex = 1; lastKnownFileType = text.xcconfig; name = "Pods-lily-lilyUITests.release.xcconfig"; path = "Target Support Files/Pods-lily-lilyUITests/Pods-lily-lilyUITests.release.xcconfig"; sourceTree = "<group>"; };
		522BC7A6173EE333596A583E /* Pods-lilyTests.release.xcconfig */ = {isa = PBXFileReference; includeInIndex = 1; lastKnownFileType = text.xcconfig; name = "Pods-lilyTests.release.xcconfig"; path = "Target Support Files/Pods-lilyTests/Pods-lilyTests.release.xcconfig"; sourceTree = "<group>"; };
		933B3472572E47BD6A4F941E /* Pods_lily_lilyUITests.framework */ = {isa = PBXFileReference; explicitFileType = wrapper.framework; includeInIndex = 0; path = Pods_lily_lilyUITests.framework; sourceTree = BUILT_PRODUCTS_DIR; };
		B4E55543CFA6610984473A58 /* Pods-lilyTests.debug.xcconfig */ = {isa = PBXFileReference; includeInIndex = 1; lastKnownFileType = text.xcconfig; name = "Pods-lilyTests.debug.xcconfig"; path = "Target Support Files/Pods-lilyTests/Pods-lilyTests.debug.xcconfig"; sourceTree = "<group>"; };
		C2A7E7EB042BAAA44F43C884 /* Pods-lily-lilyUITests.debug.xcconfig */ = {isa = PBXFileReference; includeInIndex = 1; lastKnownFileType = text.xcconfig; name = "Pods-lily-lilyUITests.debug.xcconfig"; path = "Target Support Files/Pods-lily-lilyUITests/Pods-lily-lilyUITests.debug.xcconfig"; sourceTree = "<group>"; };
		C7157D9C38880210741E3D36 /* Pods-lily.release.xcconfig */ = {isa = PBXFileReference; includeInIndex = 1; lastKnownFileType = text.xcconfig; name = "Pods-lily.release.xcconfig"; path = "Target Support Files/Pods-lily/Pods-lily.release.xcconfig"; sourceTree = "<group>"; };
		CBD5FB8C295B3D7E000A1651 /* lily.app */ = {isa = PBXFileReference; explicitFileType = wrapper.application; includeInIndex = 0; path = lily.app; sourceTree = BUILT_PRODUCTS_DIR; };
		CBD5FB8F295B3D7E000A1651 /* AppDelegate.swift */ = {isa = PBXFileReference; lastKnownFileType = sourcecode.swift; path = AppDelegate.swift; sourceTree = "<group>"; };
		CBD5FB91295B3D7E000A1651 /* SceneDelegate.swift */ = {isa = PBXFileReference; lastKnownFileType = sourcecode.swift; path = SceneDelegate.swift; sourceTree = "<group>"; };
		CBD5FB93295B3D7E000A1651 /* ViewController.swift */ = {isa = PBXFileReference; lastKnownFileType = sourcecode.swift; path = ViewController.swift; sourceTree = "<group>"; };
		CBD5FB98295B3D80000A1651 /* Assets.xcassets */ = {isa = PBXFileReference; lastKnownFileType = folder.assetcatalog; path = Assets.xcassets; sourceTree = "<group>"; };
		CBD5FB9B295B3D80000A1651 /* Base */ = {isa = PBXFileReference; lastKnownFileType = file.storyboard; name = Base; path = Base.lproj/LaunchScreen.storyboard; sourceTree = "<group>"; };
		CBD5FB9D295B3D80000A1651 /* Info.plist */ = {isa = PBXFileReference; lastKnownFileType = text.plist.xml; path = Info.plist; sourceTree = "<group>"; };
		CBD5FBA2295B3D80000A1651 /* lilyTests.xctest */ = {isa = PBXFileReference; explicitFileType = wrapper.cfbundle; includeInIndex = 0; path = lilyTests.xctest; sourceTree = BUILT_PRODUCTS_DIR; };
		CBD5FBA6295B3D80000A1651 /* lilyTests.swift */ = {isa = PBXFileReference; lastKnownFileType = sourcecode.swift; path = lilyTests.swift; sourceTree = "<group>"; };
		CBD5FBAC295B3D80000A1651 /* lilyUITests.xctest */ = {isa = PBXFileReference; explicitFileType = wrapper.cfbundle; includeInIndex = 0; path = lilyUITests.xctest; sourceTree = BUILT_PRODUCTS_DIR; };
		CBD5FBB0295B3D80000A1651 /* lilyUITests.swift */ = {isa = PBXFileReference; lastKnownFileType = sourcecode.swift; path = lilyUITests.swift; sourceTree = "<group>"; };
		CBD5FBB2295B3D80000A1651 /* lilyUITestsLaunchTests.swift */ = {isa = PBXFileReference; lastKnownFileType = sourcecode.swift; path = lilyUITestsLaunchTests.swift; sourceTree = "<group>"; };
		EB8BEEEBDB278E02FE29195D /* Pods-lily.debug.xcconfig */ = {isa = PBXFileReference; includeInIndex = 1; lastKnownFileType = text.xcconfig; name = "Pods-lily.debug.xcconfig"; path = "Target Support Files/Pods-lily/Pods-lily.debug.xcconfig"; sourceTree = "<group>"; };
/* End PBXFileReference section */

/* Begin PBXFrameworksBuildPhase section */
		CBD5FB89295B3D7E000A1651 /* Frameworks */ = {
			isa = PBXFrameworksBuildPhase;
			buildActionMask = 2147483647;
			files = (
				ABAA8FBF84418D498A122D75 /* Pods_lily.framework in Frameworks */,
			);
			runOnlyForDeploymentPostprocessing = 0;
		};
		CBD5FB9F295B3D80000A1651 /* Frameworks */ = {
			isa = PBXFrameworksBuildPhase;
			buildActionMask = 2147483647;
			files = (
				9E49ED02672E65AA9EF7D377 /* Pods_lilyTests.framework in Frameworks */,
			);
			runOnlyForDeploymentPostprocessing = 0;
		};
		CBD5FBA9295B3D80000A1651 /* Frameworks */ = {
			isa = PBXFrameworksBuildPhase;
			buildActionMask = 2147483647;
			files = (
				B02AC6E7BEDE2DC69B3E1326 /* Pods_lily_lilyUITests.framework in Frameworks */,
			);
			runOnlyForDeploymentPostprocessing = 0;
		};
/* End PBXFrameworksBuildPhase section */

/* Begin PBXGroup section */
		6F5F3B335EE2322301A221A4 /* Pods */ = {
			isa = PBXGroup;
			children = (
				EB8BEEEBDB278E02FE29195D /* Pods-lily.debug.xcconfig */,
				C7157D9C38880210741E3D36 /* Pods-lily.release.xcconfig */,
				C2A7E7EB042BAAA44F43C884 /* Pods-lily-lilyUITests.debug.xcconfig */,
				4F9AE176EC4F5B5408C30FA8 /* Pods-lily-lilyUITests.release.xcconfig */,
				B4E55543CFA6610984473A58 /* Pods-lilyTests.debug.xcconfig */,
				522BC7A6173EE333596A583E /* Pods-lilyTests.release.xcconfig */,
			);
			name = Pods;
			path = Pods;
			sourceTree = "<group>";
		};
		92AADAFE28808F4C039719EF /* Frameworks */ = {
			isa = PBXGroup;
			children = (
				039906FEB7BF287B64DDDFD6 /* Pods_lily.framework */,
				933B3472572E47BD6A4F941E /* Pods_lily_lilyUITests.framework */,
				4B41BE304F1284D32E08543C /* Pods_lilyTests.framework */,
			);
			name = Frameworks;
			sourceTree = "<group>";
		};
		CBD5FB83295B3D7E000A1651 = {
			isa = PBXGroup;
			children = (
				CBD5FB8E295B3D7E000A1651 /* lily */,
				CBD5FBA5295B3D80000A1651 /* lilyTests */,
				CBD5FBAF295B3D80000A1651 /* lilyUITests */,
				CBD5FB8D295B3D7E000A1651 /* Products */,
				6F5F3B335EE2322301A221A4 /* Pods */,
				92AADAFE28808F4C039719EF /* Frameworks */,
			);
			sourceTree = "<group>";
		};
		CBD5FB8D295B3D7E000A1651 /* Products */ = {
			isa = PBXGroup;
			children = (
				CBD5FB8C295B3D7E000A1651 /* lily.app */,
				CBD5FBA2295B3D80000A1651 /* lilyTests.xctest */,
				CBD5FBAC295B3D80000A1651 /* lilyUITests.xctest */,
			);
			name = Products;
			sourceTree = "<group>";
		};
		CBD5FB8E295B3D7E000A1651 /* lily */ = {
			isa = PBXGroup;
			children = (
				CBD5FBC3295B4104000A1651 /* App */,
				CBD5FBC2295B40F9000A1651 /* Models */,
				CBD5FBC1295B40EB000A1651 /* ViewModels */,
				CBD5FBC0295B40DA000A1651 /* Controllers */,
				CBD5FBBF295B40D4000A1651 /* Views */,
			);
			path = lily;
			sourceTree = "<group>";
		};
		CBD5FBA5295B3D80000A1651 /* lilyTests */ = {
			isa = PBXGroup;
			children = (
				CBD5FBA6295B3D80000A1651 /* lilyTests.swift */,
			);
			path = lilyTests;
			sourceTree = "<group>";
		};
		CBD5FBAF295B3D80000A1651 /* lilyUITests */ = {
			isa = PBXGroup;
			children = (
				CBD5FBB0295B3D80000A1651 /* lilyUITests.swift */,
				CBD5FBB2295B3D80000A1651 /* lilyUITestsLaunchTests.swift */,
			);
			path = lilyUITests;
			sourceTree = "<group>";
		};
		CBD5FBBF295B40D4000A1651 /* Views */ = {
			isa = PBXGroup;
			children = (
			);
			path = Views;
			sourceTree = "<group>";
		};
		CBD5FBC0295B40DA000A1651 /* Controllers */ = {
			isa = PBXGroup;
			children = (
				CBD5FB93295B3D7E000A1651 /* ViewController.swift */,
			);
			path = Controllers;
			sourceTree = "<group>";
		};
		CBD5FBC1295B40EB000A1651 /* ViewModels */ = {
			isa = PBXGroup;
			children = (
			);
			path = ViewModels;
			sourceTree = "<group>";
		};
		CBD5FBC2295B40F9000A1651 /* Models */ = {
			isa = PBXGroup;
			children = (
			);
			path = Models;
			sourceTree = "<group>";
		};
		CBD5FBC3295B4104000A1651 /* App */ = {
			isa = PBXGroup;
			children = (
				CBD5FB8F295B3D7E000A1651 /* AppDelegate.swift */,
				CBD5FB91295B3D7E000A1651 /* SceneDelegate.swift */,
				CBD5FB98295B3D80000A1651 /* Assets.xcassets */,
				CBD5FB9A295B3D80000A1651 /* LaunchScreen.storyboard */,
				CBD5FB9D295B3D80000A1651 /* Info.plist */,
			);
			path = App;
			sourceTree = "<group>";
		};
/* End PBXGroup section */

/* Begin PBXNativeTarget section */
		CBD5FB8B295B3D7E000A1651 /* lily */ = {
			isa = PBXNativeTarget;
			buildConfigurationList = CBD5FBB6295B3D80000A1651 /* Build configuration list for PBXNativeTarget "lily" */;
			buildPhases = (
				021ADD0E0CEA4AF226890542 /* [CP] Check Pods Manifest.lock */,
				CBD5FB88295B3D7E000A1651 /* Sources */,
				CBD5FB89295B3D7E000A1651 /* Frameworks */,
				CBD5FB8A295B3D7E000A1651 /* Resources */,
				414C5548E1295911843F2276 /* [CP] Embed Pods Frameworks */,
			);
			buildRules = (
			);
			dependencies = (
			);
			name = lily;
			productName = lily;
			productReference = CBD5FB8C295B3D7E000A1651 /* lily.app */;
			productType = "com.apple.product-type.application";
		};
		CBD5FBA1295B3D80000A1651 /* lilyTests */ = {
			isa = PBXNativeTarget;
			buildConfigurationList = CBD5FBB9295B3D80000A1651 /* Build configuration list for PBXNativeTarget "lilyTests" */;
			buildPhases = (
				035E53F9A0309F1A198162AD /* [CP] Check Pods Manifest.lock */,
				CBD5FB9E295B3D80000A1651 /* Sources */,
				CBD5FB9F295B3D80000A1651 /* Frameworks */,
				CBD5FBA0295B3D80000A1651 /* Resources */,
			);
			buildRules = (
			);
			dependencies = (
				CBD5FBA4295B3D80000A1651 /* PBXTargetDependency */,
			);
			name = lilyTests;
			productName = lilyTests;
			productReference = CBD5FBA2295B3D80000A1651 /* lilyTests.xctest */;
			productType = "com.apple.product-type.bundle.unit-test";
		};
		CBD5FBAB295B3D80000A1651 /* lilyUITests */ = {
			isa = PBXNativeTarget;
			buildConfigurationList = CBD5FBBC295B3D80000A1651 /* Build configuration list for PBXNativeTarget "lilyUITests" */;
			buildPhases = (
				B16A3925A9B76237AFF0D2FF /* [CP] Check Pods Manifest.lock */,
				CBD5FBA8295B3D80000A1651 /* Sources */,
				CBD5FBA9295B3D80000A1651 /* Frameworks */,
				CBD5FBAA295B3D80000A1651 /* Resources */,
				8C3287FE6556A6822D1FE203 /* [CP] Embed Pods Frameworks */,
			);
			buildRules = (
			);
			dependencies = (
				CBD5FBAE295B3D80000A1651 /* PBXTargetDependency */,
			);
			name = lilyUITests;
			productName = lilyUITests;
			productReference = CBD5FBAC295B3D80000A1651 /* lilyUITests.xctest */;
			productType = "com.apple.product-type.bundle.ui-testing";
		};
/* End PBXNativeTarget section */

/* Begin PBXProject section */
		CBD5FB84295B3D7E000A1651 /* Project object */ = {
			isa = PBXProject;
			attributes = {
				BuildIndependentTargetsInParallel = 1;
				LastSwiftUpdateCheck = 1410;
				LastUpgradeCheck = 1410;
				TargetAttributes = {
					CBD5FB8B295B3D7E000A1651 = {
						CreatedOnToolsVersion = 14.1;
					};
					CBD5FBA1295B3D80000A1651 = {
						CreatedOnToolsVersion = 14.1;
						TestTargetID = CBD5FB8B295B3D7E000A1651;
					};
					CBD5FBAB295B3D80000A1651 = {
						CreatedOnToolsVersion = 14.1;
						TestTargetID = CBD5FB8B295B3D7E000A1651;
					};
				};
			};
			buildConfigurationList = CBD5FB87295B3D7E000A1651 /* Build configuration list for PBXProject "lily" */;
			compatibilityVersion = "Xcode 14.0";
			developmentRegion = en;
			hasScannedForEncodings = 0;
			knownRegions = (
				en,
				Base,
			);
			mainGroup = CBD5FB83295B3D7E000A1651;
			productRefGroup = CBD5FB8D295B3D7E000A1651 /* Products */;
			projectDirPath = "";
			projectRoot = "";
			targets = (
				CBD5FB8B295B3D7E000A1651 /* lily */,
				CBD5FBA1295B3D80000A1651 /* lilyTests */,
				CBD5FBAB295B3D80000A1651 /* lilyUITests */,
			);
		};
/* End PBXProject section */

/* Begin PBXResourcesBuildPhase section */
		CBD5FB8A295B3D7E000A1651 /* Resources */ = {
			isa = PBXResourcesBuildPhase;
			buildActionMask = 2147483647;
			files = (
				CBD5FB9C295B3D80000A1651 /* LaunchScreen.storyboard in Resources */,
				CBD5FB99295B3D80000A1651 /* Assets.xcassets in Resources */,
			);
			runOnlyForDeploymentPostprocessing = 0;
		};
		CBD5FBA0295B3D80000A1651 /* Resources */ = {
			isa = PBXResourcesBuildPhase;
			buildActionMask = 2147483647;
			files = (
			);
			runOnlyForDeploymentPostprocessing = 0;
		};
		CBD5FBAA295B3D80000A1651 /* Resources */ = {
			isa = PBXResourcesBuildPhase;
			buildActionMask = 2147483647;
			files = (
			);
			runOnlyForDeploymentPostprocessing = 0;
		};
/* End PBXResourcesBuildPhase section */

/* Begin PBXShellScriptBuildPhase section */
		021ADD0E0CEA4AF226890542 /* [CP] Check Pods Manifest.lock */ = {
			isa = PBXShellScriptBuildPhase;
			buildActionMask = 2147483647;
			files = (
			);
			inputFileListPaths = (
			);
			inputPaths = (
				"${PODS_PODFILE_DIR_PATH}/Podfile.lock",
				"${PODS_ROOT}/Manifest.lock",
			);
			name = "[CP] Check Pods Manifest.lock";
			outputFileListPaths = (
			);
			outputPaths = (
				"$(DERIVED_FILE_DIR)/Pods-lily-checkManifestLockResult.txt",
			);
			runOnlyForDeploymentPostprocessing = 0;
			shellPath = /bin/sh;
			shellScript = "diff \"${PODS_PODFILE_DIR_PATH}/Podfile.lock\" \"${PODS_ROOT}/Manifest.lock\" > /dev/null\nif [ $? != 0 ] ; then\n    # print error to STDERR\n    echo \"error: The sandbox is not in sync with the Podfile.lock. Run 'pod install' or update your CocoaPods installation.\" >&2\n    exit 1\nfi\n# This output is used by Xcode 'outputs' to avoid re-running this script phase.\necho \"SUCCESS\" > \"${SCRIPT_OUTPUT_FILE_0}\"\n";
			showEnvVarsInLog = 0;
		};
		035E53F9A0309F1A198162AD /* [CP] Check Pods Manifest.lock */ = {
			isa = PBXShellScriptBuildPhase;
			buildActionMask = 2147483647;
			files = (
			);
			inputFileListPaths = (
			);
			inputPaths = (
				"${PODS_PODFILE_DIR_PATH}/Podfile.lock",
				"${PODS_ROOT}/Manifest.lock",
			);
			name = "[CP] Check Pods Manifest.lock";
			outputFileListPaths = (
			);
			outputPaths = (
				"$(DERIVED_FILE_DIR)/Pods-lilyTests-checkManifestLockResult.txt",
			);
			runOnlyForDeploymentPostprocessing = 0;
			shellPath = /bin/sh;
			shellScript = "diff \"${PODS_PODFILE_DIR_PATH}/Podfile.lock\" \"${PODS_ROOT}/Manifest.lock\" > /dev/null\nif [ $? != 0 ] ; then\n    # print error to STDERR\n    echo \"error: The sandbox is not in sync with the Podfile.lock. Run 'pod install' or update your CocoaPods installation.\" >&2\n    exit 1\nfi\n# This output is used by Xcode 'outputs' to avoid re-running this script phase.\necho \"SUCCESS\" > \"${SCRIPT_OUTPUT_FILE_0}\"\n";
			showEnvVarsInLog = 0;
		};
		414C5548E1295911843F2276 /* [CP] Embed Pods Frameworks */ = {
			isa = PBXShellScriptBuildPhase;
			buildActionMask = 2147483647;
			files = (
			);
			inputFileListPaths = (
				"${PODS_ROOT}/Target Support Files/Pods-lily/Pods-lily-frameworks-${CONFIGURATION}-input-files.xcfilelist",
			);
			name = "[CP] Embed Pods Frameworks";
			outputFileListPaths = (
				"${PODS_ROOT}/Target Support Files/Pods-lily/Pods-lily-frameworks-${CONFIGURATION}-output-files.xcfilelist",
			);
			runOnlyForDeploymentPostprocessing = 0;
			shellPath = /bin/sh;
			shellScript = "\"${PODS_ROOT}/Target Support Files/Pods-lily/Pods-lily-frameworks.sh\"\n";
			showEnvVarsInLog = 0;
		};
		8C3287FE6556A6822D1FE203 /* [CP] Embed Pods Frameworks */ = {
			isa = PBXShellScriptBuildPhase;
			buildActionMask = 2147483647;
			files = (
			);
			inputFileListPaths = (
				"${PODS_ROOT}/Target Support Files/Pods-lily-lilyUITests/Pods-lily-lilyUITests-frameworks-${CONFIGURATION}-input-files.xcfilelist",
			);
			name = "[CP] Embed Pods Frameworks";
			outputFileListPaths = (
				"${PODS_ROOT}/Target Support Files/Pods-lily-lilyUITests/Pods-lily-lilyUITests-frameworks-${CONFIGURATION}-output-files.xcfilelist",
			);
			runOnlyForDeploymentPostprocessing = 0;
			shellPath = /bin/sh;
			shellScript = "\"${PODS_ROOT}/Target Support Files/Pods-lily-lilyUITests/Pods-lily-lilyUITests-frameworks.sh\"\n";
			showEnvVarsInLog = 0;
		};
		B16A3925A9B76237AFF0D2FF /* [CP] Check Pods Manifest.lock */ = {
			isa = PBXShellScriptBuildPhase;
			buildActionMask = 2147483647;
			files = (
			);
			inputFileListPaths = (
			);
			inputPaths = (
				"${PODS_PODFILE_DIR_PATH}/Podfile.lock",
				"${PODS_ROOT}/Manifest.lock",
			);
			name = "[CP] Check Pods Manifest.lock";
			outputFileListPaths = (
			);
			outputPaths = (
				"$(DERIVED_FILE_DIR)/Pods-lily-lilyUITests-checkManifestLockResult.txt",
			);
			runOnlyForDeploymentPostprocessing = 0;
			shellPath = /bin/sh;
			shellScript = "diff \"${PODS_PODFILE_DIR_PATH}/Podfile.lock\" \"${PODS_ROOT}/Manifest.lock\" > /dev/null\nif [ $? != 0 ] ; then\n    # print error to STDERR\n    echo \"error: The sandbox is not in sync with the Podfile.lock. Run 'pod install' or update your CocoaPods installation.\" >&2\n    exit 1\nfi\n# This output is used by Xcode 'outputs' to avoid re-running this script phase.\necho \"SUCCESS\" > \"${SCRIPT_OUTPUT_FILE_0}\"\n";
			showEnvVarsInLog = 0;
		};
/* End PBXShellScriptBuildPhase section */

/* Begin PBXSourcesBuildPhase section */
		CBD5FB88295B3D7E000A1651 /* Sources */ = {
			isa = PBXSourcesBuildPhase;
			buildActionMask = 2147483647;
			files = (
				CBD5FB94295B3D7E000A1651 /* ViewController.swift in Sources */,
				CBD5FB90295B3D7E000A1651 /* AppDelegate.swift in Sources */,
				CBD5FB92295B3D7E000A1651 /* SceneDelegate.swift in Sources */,
			);
			runOnlyForDeploymentPostprocessing = 0;
		};
		CBD5FB9E295B3D80000A1651 /* Sources */ = {
			isa = PBXSourcesBuildPhase;
			buildActionMask = 2147483647;
			files = (
				CBD5FBA7295B3D80000A1651 /* lilyTests.swift in Sources */,
			);
			runOnlyForDeploymentPostprocessing = 0;
		};
		CBD5FBA8295B3D80000A1651 /* Sources */ = {
			isa = PBXSourcesBuildPhase;
			buildActionMask = 2147483647;
			files = (
				CBD5FBB3295B3D80000A1651 /* lilyUITestsLaunchTests.swift in Sources */,
				CBD5FBB1295B3D80000A1651 /* lilyUITests.swift in Sources */,
			);
			runOnlyForDeploymentPostprocessing = 0;
		};
/* End PBXSourcesBuildPhase section */

/* Begin PBXTargetDependency section */
		CBD5FBA4295B3D80000A1651 /* PBXTargetDependency */ = {
			isa = PBXTargetDependency;
			target = CBD5FB8B295B3D7E000A1651 /* lily */;
			targetProxy = CBD5FBA3295B3D80000A1651 /* PBXContainerItemProxy */;
		};
		CBD5FBAE295B3D80000A1651 /* PBXTargetDependency */ = {
			isa = PBXTargetDependency;
			target = CBD5FB8B295B3D7E000A1651 /* lily */;
			targetProxy = CBD5FBAD295B3D80000A1651 /* PBXContainerItemProxy */;
		};
/* End PBXTargetDependency section */

/* Begin PBXVariantGroup section */
		CBD5FB9A295B3D80000A1651 /* LaunchScreen.storyboard */ = {
			isa = PBXVariantGroup;
			children = (
				CBD5FB9B295B3D80000A1651 /* Base */,
			);
			name = LaunchScreen.storyboard;
			sourceTree = "<group>";
		};
/* End PBXVariantGroup section */

/* Begin XCBuildConfiguration section */
		CBD5FBB4295B3D80000A1651 /* Debug */ = {
			isa = XCBuildConfiguration;
			buildSettings = {
				ALWAYS_SEARCH_USER_PATHS = NO;
				CLANG_ANALYZER_NONNULL = YES;
				CLANG_ANALYZER_NUMBER_OBJECT_CONVERSION = YES_AGGRESSIVE;
				CLANG_CXX_LANGUAGE_STANDARD = "gnu++20";
				CLANG_ENABLE_MODULES = YES;
				CLANG_ENABLE_OBJC_ARC = YES;
				CLANG_ENABLE_OBJC_WEAK = YES;
				CLANG_WARN_BLOCK_CAPTURE_AUTORELEASING = YES;
				CLANG_WARN_BOOL_CONVERSION = YES;
				CLANG_WARN_COMMA = YES;
				CLANG_WARN_CONSTANT_CONVERSION = YES;
				CLANG_WARN_DEPRECATED_OBJC_IMPLEMENTATIONS = YES;
				CLANG_WARN_DIRECT_OBJC_ISA_USAGE = YES_ERROR;
				CLANG_WARN_DOCUMENTATION_COMMENTS = YES;
				CLANG_WARN_EMPTY_BODY = YES;
				CLANG_WARN_ENUM_CONVERSION = YES;
				CLANG_WARN_INFINITE_RECURSION = YES;
				CLANG_WARN_INT_CONVERSION = YES;
				CLANG_WARN_NON_LITERAL_NULL_CONVERSION = YES;
				CLANG_WARN_OBJC_IMPLICIT_RETAIN_SELF = YES;
				CLANG_WARN_OBJC_LITERAL_CONVERSION = YES;
				CLANG_WARN_OBJC_ROOT_CLASS = YES_ERROR;
				CLANG_WARN_QUOTED_INCLUDE_IN_FRAMEWORK_HEADER = YES;
				CLANG_WARN_RANGE_LOOP_ANALYSIS = YES;
				CLANG_WARN_STRICT_PROTOTYPES = YES;
				CLANG_WARN_SUSPICIOUS_MOVE = YES;
				CLANG_WARN_UNGUARDED_AVAILABILITY = YES_AGGRESSIVE;
				CLANG_WARN_UNREACHABLE_CODE = YES;
				CLANG_WARN__DUPLICATE_METHOD_MATCH = YES;
				COPY_PHASE_STRIP = NO;
				DEBUG_INFORMATION_FORMAT = dwarf;
				ENABLE_STRICT_OBJC_MSGSEND = YES;
				ENABLE_TESTABILITY = YES;
				GCC_C_LANGUAGE_STANDARD = gnu11;
				GCC_DYNAMIC_NO_PIC = NO;
				GCC_NO_COMMON_BLOCKS = YES;
				GCC_OPTIMIZATION_LEVEL = 0;
				GCC_PREPROCESSOR_DEFINITIONS = (
					"DEBUG=1",
					"$(inherited)",
				);
				GCC_WARN_64_TO_32_BIT_CONVERSION = YES;
				GCC_WARN_ABOUT_RETURN_TYPE = YES_ERROR;
				GCC_WARN_UNDECLARED_SELECTOR = YES;
				GCC_WARN_UNINITIALIZED_AUTOS = YES_AGGRESSIVE;
				GCC_WARN_UNUSED_FUNCTION = YES;
				GCC_WARN_UNUSED_VARIABLE = YES;
				IPHONEOS_DEPLOYMENT_TARGET = 16.1;
				MTL_ENABLE_DEBUG_INFO = INCLUDE_SOURCE;
				MTL_FAST_MATH = YES;
				ONLY_ACTIVE_ARCH = YES;
				SDKROOT = iphoneos;
				SWIFT_ACTIVE_COMPILATION_CONDITIONS = DEBUG;
				SWIFT_OPTIMIZATION_LEVEL = "-Onone";
			};
			name = Debug;
		};
		CBD5FBB5295B3D80000A1651 /* Release */ = {
			isa = XCBuildConfiguration;
			buildSettings = {
				ALWAYS_SEARCH_USER_PATHS = NO;
				CLANG_ANALYZER_NONNULL = YES;
				CLANG_ANALYZER_NUMBER_OBJECT_CONVERSION = YES_AGGRESSIVE;
				CLANG_CXX_LANGUAGE_STANDARD = "gnu++20";
				CLANG_ENABLE_MODULES = YES;
				CLANG_ENABLE_OBJC_ARC = YES;
				CLANG_ENABLE_OBJC_WEAK = YES;
				CLANG_WARN_BLOCK_CAPTURE_AUTORELEASING = YES;
				CLANG_WARN_BOOL_CONVERSION = YES;
				CLANG_WARN_COMMA = YES;
				CLANG_WARN_CONSTANT_CONVERSION = YES;
				CLANG_WARN_DEPRECATED_OBJC_IMPLEMENTATIONS = YES;
				CLANG_WARN_DIRECT_OBJC_ISA_USAGE = YES_ERROR;
				CLANG_WARN_DOCUMENTATION_COMMENTS = YES;
				CLANG_WARN_EMPTY_BODY = YES;
				CLANG_WARN_ENUM_CONVERSION = YES;
				CLANG_WARN_INFINITE_RECURSION = YES;
				CLANG_WARN_INT_CONVERSION = YES;
				CLANG_WARN_NON_LITERAL_NULL_CONVERSION = YES;
				CLANG_WARN_OBJC_IMPLICIT_RETAIN_SELF = YES;
				CLANG_WARN_OBJC_LITERAL_CONVERSION = YES;
				CLANG_WARN_OBJC_ROOT_CLASS = YES_ERROR;
				CLANG_WARN_QUOTED_INCLUDE_IN_FRAMEWORK_HEADER = YES;
				CLANG_WARN_RANGE_LOOP_ANALYSIS = YES;
				CLANG_WARN_STRICT_PROTOTYPES = YES;
				CLANG_WARN_SUSPICIOUS_MOVE = YES;
				CLANG_WARN_UNGUARDED_AVAILABILITY = YES_AGGRESSIVE;
				CLANG_WARN_UNREACHABLE_CODE = YES;
				CLANG_WARN__DUPLICATE_METHOD_MATCH = YES;
				COPY_PHASE_STRIP = NO;
				DEBUG_INFORMATION_FORMAT = "dwarf-with-dsym";
				ENABLE_NS_ASSERTIONS = NO;
				ENABLE_STRICT_OBJC_MSGSEND = YES;
				GCC_C_LANGUAGE_STANDARD = gnu11;
				GCC_NO_COMMON_BLOCKS = YES;
				GCC_WARN_64_TO_32_BIT_CONVERSION = YES;
				GCC_WARN_ABOUT_RETURN_TYPE = YES_ERROR;
				GCC_WARN_UNDECLARED_SELECTOR = YES;
				GCC_WARN_UNINITIALIZED_AUTOS = YES_AGGRESSIVE;
				GCC_WARN_UNUSED_FUNCTION = YES;
				GCC_WARN_UNUSED_VARIABLE = YES;
				IPHONEOS_DEPLOYMENT_TARGET = 16.1;
				MTL_ENABLE_DEBUG_INFO = NO;
				MTL_FAST_MATH = YES;
				SDKROOT = iphoneos;
				SWIFT_COMPILATION_MODE = wholemodule;
				SWIFT_OPTIMIZATION_LEVEL = "-O";
				VALIDATE_PRODUCT = YES;
			};
			name = Release;
		};
		CBD5FBB7295B3D80000A1651 /* Debug */ = {
			isa = XCBuildConfiguration;
			baseConfigurationReference = EB8BEEEBDB278E02FE29195D /* Pods-lily.debug.xcconfig */;
			buildSettings = {
				ASSETCATALOG_COMPILER_APPICON_NAME = AppIcon;
				ASSETCATALOG_COMPILER_GLOBAL_ACCENT_COLOR_NAME = AccentColor;
				CODE_SIGN_STYLE = Automatic;
				CURRENT_PROJECT_VERSION = 1;
				DEVELOPMENT_TEAM = TQX48B3375;
				GENERATE_INFOPLIST_FILE = YES;
				INFOPLIST_FILE = lily/App/Info.plist;
				INFOPLIST_KEY_UIApplicationSupportsIndirectInputEvents = YES;
				INFOPLIST_KEY_UILaunchStoryboardName = LaunchScreen;
				INFOPLIST_KEY_UISupportedInterfaceOrientations = UIInterfaceOrientationPortrait;
				INFOPLIST_KEY_UISupportedInterfaceOrientations_iPad = "UIInterfaceOrientationLandscapeLeft UIInterfaceOrientationLandscapeRight UIInterfaceOrientationPortrait UIInterfaceOrientationPortraitUpsideDown";
				LD_RUNPATH_SEARCH_PATHS = (
					"$(inherited)",
					"@executable_path/Frameworks",
				);
				MARKETING_VERSION = 1.0;
				PRODUCT_BUNDLE_IDENTIFIER = hoonjoo.lily;
				PRODUCT_NAME = "$(TARGET_NAME)";
				SUPPORTED_PLATFORMS = "iphoneos iphonesimulator";
				SUPPORTS_MACCATALYST = NO;
				SUPPORTS_MAC_DESIGNED_FOR_IPHONE_IPAD = NO;
				SWIFT_EMIT_LOC_STRINGS = YES;
				SWIFT_VERSION = 5.0;
				TARGETED_DEVICE_FAMILY = 1;
			};
			name = Debug;
		};
		CBD5FBB8295B3D80000A1651 /* Release */ = {
			isa = XCBuildConfiguration;
			baseConfigurationReference = C7157D9C38880210741E3D36 /* Pods-lily.release.xcconfig */;
			buildSettings = {
				ASSETCATALOG_COMPILER_APPICON_NAME = AppIcon;
				ASSETCATALOG_COMPILER_GLOBAL_ACCENT_COLOR_NAME = AccentColor;
				CODE_SIGN_STYLE = Automatic;
				CURRENT_PROJECT_VERSION = 1;
				DEVELOPMENT_TEAM = TQX48B3375;
				GENERATE_INFOPLIST_FILE = YES;
				INFOPLIST_FILE = lily/App/Info.plist;
				INFOPLIST_KEY_UIApplicationSupportsIndirectInputEvents = YES;
				INFOPLIST_KEY_UILaunchStoryboardName = LaunchScreen;
				INFOPLIST_KEY_UISupportedInterfaceOrientations = UIInterfaceOrientationPortrait;
				INFOPLIST_KEY_UISupportedInterfaceOrientations_iPad = "UIInterfaceOrientationLandscapeLeft UIInterfaceOrientationLandscapeRight UIInterfaceOrientationPortrait UIInterfaceOrientationPortraitUpsideDown";
				LD_RUNPATH_SEARCH_PATHS = (
					"$(inherited)",
					"@executable_path/Frameworks",
				);
				MARKETING_VERSION = 1.0;
				PRODUCT_BUNDLE_IDENTIFIER = hoonjoo.lily;
				PRODUCT_NAME = "$(TARGET_NAME)";
				SUPPORTED_PLATFORMS = "iphoneos iphonesimulator";
				SUPPORTS_MACCATALYST = NO;
				SUPPORTS_MAC_DESIGNED_FOR_IPHONE_IPAD = NO;
				SWIFT_EMIT_LOC_STRINGS = YES;
				SWIFT_VERSION = 5.0;
				TARGETED_DEVICE_FAMILY = 1;
			};
			name = Release;
		};
		CBD5FBBA295B3D80000A1651 /* Debug */ = {
			isa = XCBuildConfiguration;
			baseConfigurationReference = B4E55543CFA6610984473A58 /* Pods-lilyTests.debug.xcconfig */;
			buildSettings = {
				ALWAYS_EMBED_SWIFT_STANDARD_LIBRARIES = YES;
				BUNDLE_LOADER = "$(TEST_HOST)";
				CODE_SIGN_STYLE = Automatic;
				CURRENT_PROJECT_VERSION = 1;
				DEVELOPMENT_TEAM = TQX48B3375;
				GENERATE_INFOPLIST_FILE = YES;
				IPHONEOS_DEPLOYMENT_TARGET = 16.1;
				MARKETING_VERSION = 1.0;
				PRODUCT_BUNDLE_IDENTIFIER = hoonjoo.lilyTests;
				PRODUCT_NAME = "$(TARGET_NAME)";
				SWIFT_EMIT_LOC_STRINGS = NO;
				SWIFT_VERSION = 5.0;
				TARGETED_DEVICE_FAMILY = "1,2";
				TEST_HOST = "$(BUILT_PRODUCTS_DIR)/lily.app/$(BUNDLE_EXECUTABLE_FOLDER_PATH)/lily";
			};
			name = Debug;
		};
		CBD5FBBB295B3D80000A1651 /* Release */ = {
			isa = XCBuildConfiguration;
			baseConfigurationReference = 522BC7A6173EE333596A583E /* Pods-lilyTests.release.xcconfig */;
			buildSettings = {
				ALWAYS_EMBED_SWIFT_STANDARD_LIBRARIES = YES;
				BUNDLE_LOADER = "$(TEST_HOST)";
				CODE_SIGN_STYLE = Automatic;
				CURRENT_PROJECT_VERSION = 1;
				DEVELOPMENT_TEAM = TQX48B3375;
				GENERATE_INFOPLIST_FILE = YES;
				IPHONEOS_DEPLOYMENT_TARGET = 16.1;
				MARKETING_VERSION = 1.0;
				PRODUCT_BUNDLE_IDENTIFIER = hoonjoo.lilyTests;
				PRODUCT_NAME = "$(TARGET_NAME)";
				SWIFT_EMIT_LOC_STRINGS = NO;
				SWIFT_VERSION = 5.0;
				TARGETED_DEVICE_FAMILY = "1,2";
				TEST_HOST = "$(BUILT_PRODUCTS_DIR)/lily.app/$(BUNDLE_EXECUTABLE_FOLDER_PATH)/lily";
			};
			name = Release;
		};
		CBD5FBBD295B3D80000A1651 /* Debug */ = {
			isa = XCBuildConfiguration;
			baseConfigurationReference = C2A7E7EB042BAAA44F43C884 /* Pods-lily-lilyUITests.debug.xcconfig */;
			buildSettings = {
				ALWAYS_EMBED_SWIFT_STANDARD_LIBRARIES = YES;
				CODE_SIGN_STYLE = Automatic;
				CURRENT_PROJECT_VERSION = 1;
				DEVELOPMENT_TEAM = TQX48B3375;
				GENERATE_INFOPLIST_FILE = YES;
				MARKETING_VERSION = 1.0;
				PRODUCT_BUNDLE_IDENTIFIER = hoonjoo.lilyUITests;
				PRODUCT_NAME = "$(TARGET_NAME)";
				SWIFT_EMIT_LOC_STRINGS = NO;
				SWIFT_VERSION = 5.0;
				TARGETED_DEVICE_FAMILY = "1,2";
				TEST_TARGET_NAME = lily;
			};
			name = Debug;
		};
		CBD5FBBE295B3D80000A1651 /* Release */ = {
			isa = XCBuildConfiguration;
			baseConfigurationReference = 4F9AE176EC4F5B5408C30FA8 /* Pods-lily-lilyUITests.release.xcconfig */;
			buildSettings = {
				ALWAYS_EMBED_SWIFT_STANDARD_LIBRARIES = YES;
				CODE_SIGN_STYLE = Automatic;
				CURRENT_PROJECT_VERSION = 1;
				DEVELOPMENT_TEAM = TQX48B3375;
				GENERATE_INFOPLIST_FILE = YES;
				MARKETING_VERSION = 1.0;
				PRODUCT_BUNDLE_IDENTIFIER = hoonjoo.lilyUITests;
				PRODUCT_NAME = "$(TARGET_NAME)";
				SWIFT_EMIT_LOC_STRINGS = NO;
				SWIFT_VERSION = 5.0;
				TARGETED_DEVICE_FAMILY = "1,2";
				TEST_TARGET_NAME = lily;
			};
			name = Release;
		};
/* End XCBuildConfiguration section */

/* Begin XCConfigurationList section */
		CBD5FB87295B3D7E000A1651 /* Build configuration list for PBXProject "lily" */ = {
			isa = XCConfigurationList;
			buildConfigurations = (
				CBD5FBB4295B3D80000A1651 /* Debug */,
				CBD5FBB5295B3D80000A1651 /* Release */,
			);
			defaultConfigurationIsVisible = 0;
			defaultConfigurationName = Release;
		};
		CBD5FBB6295B3D80000A1651 /* Build configuration list for PBXNativeTarget "lily" */ = {
			isa = XCConfigurationList;
			buildConfigurations = (
				CBD5FBB7295B3D80000A1651 /* Debug */,
				CBD5FBB8295B3D80000A1651 /* Release */,
			);
			defaultConfigurationIsVisible = 0;
			defaultConfigurationName = Release;
		};
		CBD5FBB9295B3D80000A1651 /* Build configuration list for PBXNativeTarget "lilyTests" */ = {
			isa = XCConfigurationList;
			buildConfigurations = (
				CBD5FBBA295B3D80000A1651 /* Debug */,
				CBD5FBBB295B3D80000A1651 /* Release */,
			);
			defaultConfigurationIsVisible = 0;
			defaultConfigurationName = Release;
		};
		CBD5FBBC295B3D80000A1651 /* Build configuration list for PBXNativeTarget "lilyUITests" */ = {
			isa = XCConfigurationList;
			buildConfigurations = (
				CBD5FBBD295B3D80000A1651 /* Debug */,
				CBD5FBBE295B3D80000A1651 /* Release */,
			);
			defaultConfigurationIsVisible = 0;
			defaultConfigurationName = Release;
		};
/* End XCConfigurationList section */
	};
	rootObject = CBD5FB84295B3D7E000A1651 /* Project object */;
}
